
Microsoft Visual Studio Solution File, Format Version 12.00
# Visual Studio Version 17
VisualStudioVersion = 17.4.33403.182
MinimumVisualStudioVersion = 10.0.40219.1
Project("{FAE04EC0-301F-11D3-BF4B-00C04F79EFBC}") = "Loging", "Loging.csproj", "{C833F40F-2F1B-49ED-9AC8-6E556A8D6C76}"
EndProject
Global
	GlobalSection(SolutionConfigurationPlatforms) = preSolution
		Debug|Any CPU = Debug|Any CPU
		Release|Any CPU = Release|Any CPU
	EndGlobalSection
	GlobalSection(ProjectConfigurationPlatforms) = postSolution
		{C833F40F-2F1B-49ED-9AC8-6E556A8D6C76}.Debug|Any CPU.ActiveCfg = Debug|Any CPU
		{C833F40F-2F1B-49ED-9AC8-6E556A8D6C76}.Debug|Any CPU.Build.0 = Debug|Any CPU
		{C833F40F-2F1B-49ED-9AC8-6E556A8D6C76}.Release|Any CPU.ActiveCfg = Release|Any CPU
		{C833F40F-2F1B-49ED-9AC8-6E556A8D6C76}.Release|Any CPU.Build.0 = Release|Any CPU
	EndGlobalSection
	GlobalSection(SolutionProperties) = preSolution
		HideSolutionNode = FALSE
	EndGlobalSection
	GlobalSection(ExtensibilityGlobals) = postSolution
		SolutionGuid = {EBD10180-9ED5-4257-8A22-AAA6555FDF26}
	EndGlobalSection
EndGlobal
